
Microsoft Visual Studio Solution File, Format Version 12.00
# Visual Studio 15
VisualStudioVersion = 15.0.27428.2015
MinimumVisualStudioVersion = 10.0.40219.1
Project("{9A19103F-16F7-4668-BE54-9A1E7A4F7556}") = "Sharing.WebApi", "Sharing.WebApi\Sharing.WebApi.csproj", "{657A9A99-FFCB-4643-9D70-34A4F3AFD592}"
EndProject
Project("{9A19103F-16F7-4668-BE54-9A1E7A4F7556}") = "Sharing.DataAccessCore", "Sharing.DataAccessCore\Sharing.DataAccessCore.csproj", "{4C3D0438-479C-4589-84E4-7E769989E6FC}"
EndProject
Project("{9A19103F-16F7-4668-BE54-9A1E7A4F7556}") = "Sharing.Business", "Sharing.Business\Sharing.Business.csproj", "{216AFF47-6389-4722-9B27-CB2BDE3A19D5}"
EndProject
Project("{9A19103F-16F7-4668-BE54-9A1E7A4F7556}") = "Sharing.Domain", "Sharing.Domain\Sharing.Domain.csproj", "{BD990269-2162-4A31-8B79-520438222001}"
EndProject
Global
	GlobalSection(SolutionConfigurationPlatforms) = preSolution
		Debug|Any CPU = Debug|Any CPU
		Release|Any CPU = Release|Any CPU
	EndGlobalSection
	GlobalSection(ProjectConfigurationPlatforms) = postSolution
		{657A9A99-FFCB-4643-9D70-34A4F3AFD592}.Debug|Any CPU.ActiveCfg = Debug|Any CPU
		{657A9A99-FFCB-4643-9D70-34A4F3AFD592}.Debug|Any CPU.Build.0 = Debug|Any CPU
		{657A9A99-FFCB-4643-9D70-34A4F3AFD592}.Release|Any CPU.ActiveCfg = Release|Any CPU
		{657A9A99-FFCB-4643-9D70-34A4F3AFD592}.Release|Any CPU.Build.0 = Release|Any CPU
		{4C3D0438-479C-4589-84E4-7E769989E6FC}.Debug|Any CPU.ActiveCfg = Debug|Any CPU
		{4C3D0438-479C-4589-84E4-7E769989E6FC}.Debug|Any CPU.Build.0 = Debug|Any CPU
		{4C3D0438-479C-4589-84E4-7E769989E6FC}.Release|Any CPU.ActiveCfg = Release|Any CPU
		{4C3D0438-479C-4589-84E4-7E769989E6FC}.Release|Any CPU.Build.0 = Release|Any CPU
		{216AFF47-6389-4722-9B27-CB2BDE3A19D5}.Debug|Any CPU.ActiveCfg = Debug|Any CPU
		{216AFF47-6389-4722-9B27-CB2BDE3A19D5}.Debug|Any CPU.Build.0 = Debug|Any CPU
		{216AFF47-6389-4722-9B27-CB2BDE3A19D5}.Release|Any CPU.ActiveCfg = Release|Any CPU
		{216AFF47-6389-4722-9B27-CB2BDE3A19D5}.Release|Any CPU.Build.0 = Release|Any CPU
		{BD990269-2162-4A31-8B79-520438222001}.Debug|Any CPU.ActiveCfg = Debug|Any CPU
		{BD990269-2162-4A31-8B79-520438222001}.Debug|Any CPU.Build.0 = Debug|Any CPU
		{BD990269-2162-4A31-8B79-520438222001}.Release|Any CPU.ActiveCfg = Release|Any CPU
		{BD990269-2162-4A31-8B79-520438222001}.Release|Any CPU.Build.0 = Release|Any CPU
	EndGlobalSection
	GlobalSection(SolutionProperties) = preSolution
		HideSolutionNode = FALSE
	EndGlobalSection
	GlobalSection(ExtensibilityGlobals) = postSolution
		SolutionGuid = {35C7D6E6-4B6C-49D4-9525-527F6CE6FA3E}
	EndGlobalSection
EndGlobal
